
Microsoft Visual Studio Solution File, Format Version 12.00
# Visual Studio Version 17
VisualStudioVersion = 17.11.35222.181
MinimumVisualStudioVersion = 10.0.40219.1
Project("{8BC9CEB8-8B4A-11D0-8D11-00A0C91BC942}") = "Класс Вектор Рациональных Чисел", "Класс Вектор Рациональных Чисел.vcxproj", "{BA168622-0A0A-430C-B8D3-6AF23DAB5273}"
EndProject
Global
	GlobalSection(SolutionConfigurationPlatforms) = preSolution
		Debug|x64 = Debug|x64
		Debug|x86 = Debug|x86
		Release|x64 = Release|x64
		Release|x86 = Release|x86
	EndGlobalSection
	GlobalSection(ProjectConfigurationPlatforms) = postSolution
		{BA168622-0A0A-430C-B8D3-6AF23DAB5273}.Debug|x64.ActiveCfg = Debug|x64
		{BA168622-0A0A-430C-B8D3-6AF23DAB5273}.Debug|x64.Build.0 = Debug|x64
		{BA168622-0A0A-430C-B8D3-6AF23DAB5273}.Debug|x86.ActiveCfg = Debug|Win32
		{BA168622-0A0A-430C-B8D3-6AF23DAB5273}.Debug|x86.Build.0 = Debug|Win32
		{BA168622-0A0A-430C-B8D3-6AF23DAB5273}.Release|x64.ActiveCfg = Release|x64
		{BA168622-0A0A-430C-B8D3-6AF23DAB5273}.Release|x64.Build.0 = Release|x64
		{BA168622-0A0A-430C-B8D3-6AF23DAB5273}.Release|x86.ActiveCfg = Release|Win32
		{BA168622-0A0A-430C-B8D3-6AF23DAB5273}.Release|x86.Build.0 = Release|Win32
	EndGlobalSection
	GlobalSection(SolutionProperties) = preSolution
		HideSolutionNode = FALSE
	EndGlobalSection
	GlobalSection(ExtensibilityGlobals) = postSolution
		SolutionGuid = {867FD8B4-8796-458A-8496-FA3BDEE4B991}
	EndGlobalSection
EndGlobal
